
Microsoft Visual Studio Solution File, Format Version 12.00
# Visual Studio Version 17
VisualStudioVersion = 17.6.33712.159
MinimumVisualStudioVersion = 10.0.40219.1
Project("{FAE04EC0-301F-11D3-BF4B-00C04F79EFBC}") = "WebApplication1", "WebApplication1\WebApplication1.csproj", "{0DC3EFB5-9CE8-4362-A517-04BA8B10C16E}"
EndProject
Global
	GlobalSection(SolutionConfigurationPlatforms) = preSolution
		Debug|Any CPU = Debug|Any CPU
		Release|Any CPU = Release|Any CPU
	EndGlobalSection
	GlobalSection(ProjectConfigurationPlatforms) = postSolution
		{0DC3EFB5-9CE8-4362-A517-04BA8B10C16E}.Debug|Any CPU.ActiveCfg = Debug|Any CPU
		{0DC3EFB5-9CE8-4362-A517-04BA8B10C16E}.Debug|Any CPU.Build.0 = Debug|Any CPU
		{0DC3EFB5-9CE8-4362-A517-04BA8B10C16E}.Release|Any CPU.ActiveCfg = Release|Any CPU
		{0DC3EFB5-9CE8-4362-A517-04BA8B10C16E}.Release|Any CPU.Build.0 = Release|Any CPU
	EndGlobalSection
	GlobalSection(SolutionProperties) = preSolution
		HideSolutionNode = FALSE
	EndGlobalSection
	GlobalSection(ExtensibilityGlobals) = postSolution
		SolutionGuid = {06475923-6B1A-49CA-A3FE-252917DD74B3}
	EndGlobalSection
EndGlobal
